<?xml version="1.0" encoding="utf-8"?>
<Project ToolsVersion="4.0" xmlns="http://schemas.microsoft.com/developer/msbuild/2003">
  <ItemGroup>
    <Filter Include="ソース ファイル">
      <UniqueIdentifier>{4FC737F1-C7A5-4376-A066-2A32D752A2FF}</UniqueIdentifier>
      <Extensions>cpp;c;cc;cxx;def;odl;idl;hpj;bat;asm;asmx</Extensions>
    </Filter>
    <Filter Include="ヘッダー ファイル">
      <UniqueIdentifier>{93995380-89BD-4b04-88EB-625FBE52EBFB}</UniqueIdentifier>
      <Extensions>h;hh;hpp;hxx;hm;inl;inc;xsd</Extensions>
    </Filter>
    <Filter Include="リソース ファイル">
      <UniqueIdentifier>{67DA6AB6-F800-4c08-8B7A-83BB121AAD01}</UniqueIdentifier>
      <Extensions>rc;ico;cur;bmp;dlg;rc2;rct;bin;rgs;gif;jpg;jpeg;jpe;resx;tiff;tif;png;wav;mfcribbon-ms</Extensions>
    </Filter>
    <Filter Include="ソース ファイル\Lib">
      <UniqueIdentifier>{f2c60b85-db97-4cef-973a-a56c990eeb19}</UniqueIdentifier>
    </Filter>
    <Filter Include="ソース ファイル\Base">
      <UniqueIdentifier>{2c6b2eaa-eab9-499f-bbd3-542d973531a1}</UniqueIdentifier>
    </Filter>
    <Filter Include="ソース ファイル\Event">
      <UniqueIdentifier>{2311419d-81f9-432d-b560-0bf635847ead}</UniqueIdentifier>
    </Filter>
    <Filter Include="ソース ファイル\Charctor">
      <UniqueIdentifier>{6422ddd3-cd68-4074-932b-8aee4f491406}</UniqueIdentifier>
    </Filter>
    <Filter Include="ソース ファイル\Charctor\Human">
      <UniqueIdentifier>{42ceb606-b0f5-42d4-a9ab-bf04bb804f5d}</UniqueIdentifier>
    </Filter>
    <Filter Include="ソース ファイル\Collision">
      <UniqueIdentifier>{440fac2d-f77c-4316-bf0f-f36a2f9287d9}</UniqueIdentifier>
    </Filter>
    <Filter Include="ソース ファイル\Charctor\Zombie">
      <UniqueIdentifier>{0ccbffee-0b74-49f4-8d8a-2de84efeb957}</UniqueIdentifier>
    </Filter>
    <Filter Include="ソース ファイル\Scene">
      <UniqueIdentifier>{9bad8335-9b4b-4829-92c1-b1bd3470930e}</UniqueIdentifier>
    </Filter>
    <Filter Include="ソース ファイル\Scene\SceneManager">
      <UniqueIdentifier>{2fe9e158-715e-47ee-aaba-dd2d4c707421}</UniqueIdentifier>
    </Filter>
    <Filter Include="ソース ファイル\Scene\Title">
      <UniqueIdentifier>{211176ef-6483-4235-b3f4-5b28f580ab8f}</UniqueIdentifier>
    </Filter>
    <Filter Include="ソース ファイル\Scene\Game">
      <UniqueIdentifier>{00e6f1c7-938f-482f-89e5-414edd231e7c}</UniqueIdentifier>
    </Filter>
    <Filter Include="ソース ファイル\Charctor\Zombie\PlayerZombie">
      <UniqueIdentifier>{b1818ee3-47de-4fc4-b19c-73713e45c89c}</UniqueIdentifier>
    </Filter>
    <Filter Include="ソース ファイル\Charctor\Parameter">
      <UniqueIdentifier>{15d0d973-3417-4f09-b812-2a7d0932a487}</UniqueIdentifier>
    </Filter>
    <Filter Include="ソース ファイル\Charctor\Parameter\Human">
      <UniqueIdentifier>{2b02dbe8-f3c4-4aab-9ea2-88f30d7b3c5b}</UniqueIdentifier>
    </Filter>
    <Filter Include="ソース ファイル\Charctor\Parameter\Zombie">
      <UniqueIdentifier>{0e237293-2405-445a-ac5c-a66796117e51}</UniqueIdentifier>
    </Filter>
    <Filter Include="ソース ファイル\Charctor\Parameter\Zombie\PlayerZombie">
      <UniqueIdentifier>{032dda49-73ff-450f-afa1-59e74f794054}</UniqueIdentifier>
    </Filter>
    <Filter Include="ソース ファイル\Stage">
      <UniqueIdentifier>{d483a2e5-af94-4718-a43a-bde75b4c038f}</UniqueIdentifier>
    </Filter>
    <Filter Include="ソース ファイル\Stage\StageObject">
      <UniqueIdentifier>{deba98e8-02c8-420b-aa8d-bc8e94cad3b0}</UniqueIdentifier>
    </Filter>
    <Filter Include="ソース ファイル\Charctor\Parameter\Stage">
      <UniqueIdentifier>{1c418d38-2653-447c-9b94-7f423c3c558c}</UniqueIdentifier>
    </Filter>
    <Filter Include="ソース ファイル\Charctor\Parameter\Stage\Rooｍ">
      <UniqueIdentifier>{4df1669e-d49d-4f15-9079-7ec5859a0d93}</UniqueIdentifier>
    </Filter>
    <Filter Include="ソース ファイル\Charctor\Parameter\Stage\StageObject">
      <UniqueIdentifier>{59b5fe64-02f1-473f-bd49-e547cd5753b4}</UniqueIdentifier>
    </Filter>
    <Filter Include="ソース ファイル\PlayerControl">
      <UniqueIdentifier>{4f0502af-c698-410d-8fca-89057d8ecfe7}</UniqueIdentifier>
    </Filter>
    <Filter Include="ソース ファイル\Stage\WayPoint">
      <UniqueIdentifier>{175b2b07-7a0c-4955-bf1d-9de22defbb8e}</UniqueIdentifier>
    </Filter>
    <Filter Include="ソース ファイル\Stage\Corridor">
      <UniqueIdentifier>{b1390420-ec80-4add-a0b3-a8c3fd67b2e0}</UniqueIdentifier>
    </Filter>
    <Filter Include="ソース ファイル\Stage\Room">
      <UniqueIdentifier>{8d248c38-7633-43a8-8857-cc21cb527024}</UniqueIdentifier>
    </Filter>
    <Filter Include="ソース ファイル\Scene\Game\Backgraund">
      <UniqueIdentifier>{aa046dca-794b-403a-9717-5c3e7cd1c94f}</UniqueIdentifier>
    </Filter>
    <Filter Include="ソース ファイル\Font">
      <UniqueIdentifier>{b10878e3-3fc2-4841-883c-ac54fee85ea8}</UniqueIdentifier>
    </Filter>
    <Filter Include="ソース ファイル\Scene\Game\TimeLimit">
      <UniqueIdentifier>{cdd91d23-beb8-4e70-9ee4-3f217ef20218}</UniqueIdentifier>
    </Filter>
    <Filter Include="ソース ファイル\Scene\GameClear">
      <UniqueIdentifier>{df6f07db-32a5-498c-a134-50b6f3fa4fd8}</UniqueIdentifier>
    </Filter>
    <Filter Include="ソース ファイル\Scene\Game\GameOver">
      <UniqueIdentifier>{c2b4f400-af11-482f-a907-0cdea2ce48b8}</UniqueIdentifier>
    </Filter>
    <Filter Include="ソース ファイル\Lib\Sound">
      <UniqueIdentifier>{ac0ea16e-f25f-4b3a-9fbb-41aafe5b0d11}</UniqueIdentifier>
    </Filter>
    <Filter Include="ソース ファイル\Debag">
      <UniqueIdentifier>{b27ba109-5233-4ca7-a13e-d02ea133e697}</UniqueIdentifier>
    </Filter>
  </ItemGroup>
  <ItemGroup>
    <ClInclude Include="DirectGraphics.h">
      <Filter>ソース ファイル\Lib</Filter>
    </ClInclude>
    <ClInclude Include="DirectInput.h">
      <Filter>ソース ファイル\Lib</Filter>
    </ClInclude>
    <ClInclude Include="Utility.h">
      <Filter>ヘッダー ファイル</Filter>
    </ClInclude>
    <ClInclude Include="Game.h">
      <Filter>ソース ファイル\Scene\Game</Filter>
    </ClInclude>
    <ClInclude Include="Event.h">
      <Filter>ソース ファイル\Event</Filter>
    </ClInclude>
    <ClInclude Include="DirectSound.h">
      <Filter>ソース ファイル\Lib</Filter>
    </ClInclude>
    <ClInclude Include="ObjectBase.h">
      <Filter>ソース ファイル\Base</Filter>
    </ClInclude>
    <ClInclude Include="Human.h">
      <Filter>ソース ファイル\Charctor\Human</Filter>
    </ClInclude>
    <ClInclude Include="HumanManager.h">
      <Filter>ソース ファイル\Charctor\Human</Filter>
    </ClInclude>
    <ClInclude Include="CollisionManager.h">
      <Filter>ソース ファイル\Collision</Filter>
    </ClInclude>
    <ClInclude Include="Collision.h">
      <Filter>ソース ファイル\Collision</Filter>
    </ClInclude>
    <ClInclude Include="Zombie.h">
      <Filter>ソース ファイル\Charctor\Zombie</Filter>
    </ClInclude>
    <ClInclude Include="ZombieManager.h">
      <Filter>ソース ファイル\Charctor\Zombie</Filter>
    </ClInclude>
    <ClInclude Include="SceneFactory.h">
      <Filter>ソース ファイル\Scene\SceneManager</Filter>
    </ClInclude>
    <ClInclude Include="SceneManager.h">
      <Filter>ソース ファイル\Scene\SceneManager</Filter>
    </ClInclude>
    <ClInclude Include="Title.h">
      <Filter>ソース ファイル\Scene\Title</Filter>
    </ClInclude>
    <ClInclude Include="TitleBackgraund.h">
      <Filter>ソース ファイル\Scene\Title</Filter>
    </ClInclude>
    <ClInclude Include="PlayerZombie.h">
      <Filter>ソース ファイル\Charctor\Zombie\PlayerZombie</Filter>
    </ClInclude>
    <ClInclude Include="StageObject.h">
      <Filter>ソース ファイル\Stage\StageObject</Filter>
    </ClInclude>
    <ClInclude Include="StageObjectBase.h">
      <Filter>ソース ファイル\Base</Filter>
    </ClInclude>
    <ClInclude Include="StageObjectParameter.h">
      <Filter>ソース ファイル\Charctor\Parameter\Stage\StageObject</Filter>
    </ClInclude>
    <ClInclude Include="HumanParameter.h">
      <Filter>ソース ファイル\Charctor\Parameter\Human</Filter>
    </ClInclude>
    <ClInclude Include="ZombieParameter.h">
      <Filter>ソース ファイル\Charctor\Parameter\Zombie</Filter>
    </ClInclude>
    <ClInclude Include="PlayerZombieParameter.h">
      <Filter>ソース ファイル\Charctor\Parameter\Zombie\PlayerZombie</Filter>
    </ClInclude>
    <ClInclude Include="StageManager.h">
      <Filter>ソース ファイル\Stage\StageObject</Filter>
    </ClInclude>
    <ClInclude Include="Room.h">
      <Filter>ソース ファイル\Stage\Room</Filter>
    </ClInclude>
    <ClInclude Include="RoomParameter.h">
      <Filter>ソース ファイル\Charctor\Parameter\Stage\Rooｍ</Filter>
    </ClInclude>
    <ClInclude Include="CharaObjectBase.h">
      <Filter>ソース ファイル\Base</Filter>
    </ClInclude>
    <ClInclude Include="SingletonBase.h">
      <Filter>ソース ファイル\Base</Filter>
    </ClInclude>
    <ClInclude Include="Corridor.h">
      <Filter>ソース ファイル\Stage\Corridor</Filter>
    </ClInclude>
    <ClInclude Include="WayPointBase.h">
      <Filter>ソース ファイル\Base</Filter>
    </ClInclude>
    <ClInclude Include="WayPointManager.h">
      <Filter>ソース ファイル\Stage\WayPoint</Filter>
    </ClInclude>
    <ClInclude Include="GameBackground.h">
      <Filter>ソース ファイル\Scene\Game\Backgraund</Filter>
    </ClInclude>
    <ClInclude Include="PlayerControl.h">
      <Filter>ソース ファイル\PlayerControl</Filter>
    </ClInclude>
    <ClInclude Include="SceneBase.h">
      <Filter>ソース ファイル\Base</Filter>
    </ClInclude>
    <ClInclude Include="Font.h">
      <Filter>ソース ファイル\Font</Filter>
    </ClInclude>
    <ClInclude Include="TimeLimit.h">
      <Filter>ソース ファイル\Scene\Game\TimeLimit</Filter>
    </ClInclude>
    <ClInclude Include="GameClear.h">
      <Filter>ソース ファイル\Scene\GameClear</Filter>
    </ClInclude>
    <ClInclude Include="GameClearBackground.h">
      <Filter>ソース ファイル\Scene\GameClear</Filter>
    </ClInclude>
    <ClInclude Include="GameOver.h">
      <Filter>ソース ファイル\Scene\Game\GameOver</Filter>
    </ClInclude>
    <ClInclude Include="GameOverBackground.h">
      <Filter>ソース ファイル\Scene\Game\GameOver</Filter>
    </ClInclude>
    <ClInclude Include="SoundBufferManager.h">
      <Filter>ソース ファイル\Lib\Sound</Filter>
    </ClInclude>
    <ClInclude Include="Debag.h">
      <Filter>ソース ファイル\Debag</Filter>
    </ClInclude>
  </ItemGroup>
  <ItemGroup>
    <ClCompile Include="DirectGraphics.cpp">
      <Filter>ソース ファイル\Lib</Filter>
    </ClCompile>
    <ClCompile Include="DirectInput.cpp">
      <Filter>ソース ファイル\Lib</Filter>
    </ClCompile>
    <ClCompile Include="Utility.cpp">
      <Filter>ソース ファイル</Filter>
    </ClCompile>
    <ClCompile Include="Main.cpp">
      <Filter>ソース ファイル</Filter>
    </ClCompile>
    <ClCompile Include="Game.cpp">
      <Filter>ソース ファイル\Scene\Game</Filter>
    </ClCompile>
    <ClCompile Include="Event.cpp">
      <Filter>ソース ファイル\Event</Filter>
    </ClCompile>
    <ClCompile Include="DirectSound.cpp">
      <Filter>ソース ファイル\Lib</Filter>
    </ClCompile>
    <ClCompile Include="Human.cpp">
      <Filter>ソース ファイル\Charctor\Human</Filter>
    </ClCompile>
    <ClCompile Include="CollisionManager.cpp">
      <Filter>ソース ファイル\Collision</Filter>
    </ClCompile>
    <ClCompile Include="HumanManager.cpp">
      <Filter>ソース ファイル\Charctor\Human</Filter>
    </ClCompile>
    <ClCompile Include="Collision.cpp">
      <Filter>ソース ファイル\Collision</Filter>
    </ClCompile>
    <ClCompile Include="ZombieManager.cpp">
      <Filter>ソース ファイル\Charctor\Zombie</Filter>
    </ClCompile>
    <ClCompile Include="SceneFactory.cpp">
      <Filter>ソース ファイル\Scene\SceneManager</Filter>
    </ClCompile>
    <ClCompile Include="SceneManager.cpp">
      <Filter>ソース ファイル\Scene\SceneManager</Filter>
    </ClCompile>
    <ClCompile Include="Title.cpp">
      <Filter>ソース ファイル\Scene\Title</Filter>
    </ClCompile>
    <ClCompile Include="TitleBackgraund.cpp">
      <Filter>ソース ファイル\Scene\Title</Filter>
    </ClCompile>
    <ClCompile Include="PlayerZombie.cpp">
      <Filter>ソース ファイル\Charctor\Zombie\PlayerZombie</Filter>
    </ClCompile>
    <ClCompile Include="Zombie.cpp">
      <Filter>ソース ファイル\Charctor\Zombie</Filter>
    </ClCompile>
    <ClCompile Include="StageObject.cpp">
      <Filter>ソース ファイル\Stage\StageObject</Filter>
    </ClCompile>
    <ClCompile Include="StageObjectParameter.cpp">
      <Filter>ソース ファイル\Charctor\Parameter\Stage\StageObject</Filter>
    </ClCompile>
    <ClCompile Include="HumanParameter.cpp">
      <Filter>ソース ファイル\Charctor\Parameter\Human</Filter>
    </ClCompile>
    <ClCompile Include="ZombieParameter.cpp">
      <Filter>ソース ファイル\Charctor\Parameter\Zombie</Filter>
    </ClCompile>
    <ClCompile Include="PlayerZombieParameter.cpp">
      <Filter>ソース ファイル\Charctor\Parameter\Zombie\PlayerZombie</Filter>
    </ClCompile>
    <ClCompile Include="StageManager.cpp">
      <Filter>ソース ファイル\Stage\StageObject</Filter>
    </ClCompile>
    <ClCompile Include="Room.cpp">
      <Filter>ソース ファイル\Stage\Room</Filter>
    </ClCompile>
    <ClCompile Include="RoomParameter.cpp">
      <Filter>ソース ファイル\Charctor\Parameter\Stage\Rooｍ</Filter>
    </ClCompile>
    <ClCompile Include="Corridor.cpp">
      <Filter>ソース ファイル\Stage\Corridor</Filter>
    </ClCompile>
    <ClCompile Include="WayPointManager.cpp">
      <Filter>ソース ファイル\Stage\WayPoint</Filter>
    </ClCompile>
    <ClCompile Include="GameBackground.cpp">
      <Filter>ソース ファイル\Scene\Game\Backgraund</Filter>
    </ClCompile>
    <ClCompile Include="PlayerControl.cpp">
      <Filter>ソース ファイル\PlayerControl</Filter>
    </ClCompile>
    <ClCompile Include="Font.cpp">
      <Filter>ソース ファイル\Font</Filter>
    </ClCompile>
    <ClCompile Include="TimeLimit.cpp">
      <Filter>ソース ファイル\Scene\Game\TimeLimit</Filter>
    </ClCompile>
    <ClCompile Include="GameClear.cpp">
      <Filter>ソース ファイル\Scene\GameClear</Filter>
    </ClCompile>
    <ClCompile Include="GameClearBackground.cpp">
      <Filter>ソース ファイル\Scene\GameClear</Filter>
    </ClCompile>
    <ClCompile Include="GameOver.cpp">
      <Filter>ソース ファイル\Scene\Game\GameOver</Filter>
    </ClCompile>
    <ClCompile Include="GameOverBackground.cpp">
      <Filter>ソース ファイル\Scene\Game\GameOver</Filter>
    </ClCompile>
    <ClCompile Include="SoundBufferManager.cpp">
      <Filter>ソース ファイル\Lib\Sound</Filter>
    </ClCompile>
    <ClCompile Include="Debag.cpp">
      <Filter>ソース ファイル\Debag</Filter>
    </ClCompile>
  </ItemGroup>
</Project>